# This file is autogenerated, do not edit; changes may be undone by the next 'dep ensure'.


[[projects]]
  name = "github.com/pkg/errors"
  packages = ["."]
  revision = "645ef00459ed84a119197bfb8d8205042c6df63d"
  version = "v0.8.0"

[[projects]]
  name = "github.com/r3labs/sse"
  packages = ["."]
  revision = "ab73c814bbdece537f16e92302cd99d1618d0e0d"
  version = "1.0.1"

[solve-meta]
  analyzer-name = "dep"
  analyzer-version = 1
  inputs-digest = "559855ebed7f1c0bf0bea2b6f750822d2eb67595d23a2f9006a8302a22b74e47"
  solver-name = "gps-cdcl"
  solver-version = 1
